
Microsoft Visual Studio Solution File, Format Version 12.00
# Visual Studio Version 16
VisualStudioVersion = 16.0.32630.194
MinimumVisualStudioVersion = 10.0.40219.1
Project("{FAE04EC0-301F-11D3-BF4B-00C04F79EFBC}") = "FinalProject", "FinalProject.csproj", "{8299C414-13FB-468D-8E98-3DBA0273391D}"
EndProject
Global
	GlobalSection(SolutionConfigurationPlatforms) = preSolution
		Debug|Any CPU = Debug|Any CPU
		Release|Any CPU = Release|Any CPU
	EndGlobalSection
	GlobalSection(ProjectConfigurationPlatforms) = postSolution
		{8299C414-13FB-468D-8E98-3DBA0273391D}.Debug|Any CPU.ActiveCfg = Debug|Any CPU
		{8299C414-13FB-468D-8E98-3DBA0273391D}.Debug|Any CPU.Build.0 = Debug|Any CPU
		{8299C414-13FB-468D-8E98-3DBA0273391D}.Release|Any CPU.ActiveCfg = Release|Any CPU
		{8299C414-13FB-468D-8E98-3DBA0273391D}.Release|Any CPU.Build.0 = Release|Any CPU
	EndGlobalSection
	GlobalSection(SolutionProperties) = preSolution
		HideSolutionNode = FALSE
	EndGlobalSection
	GlobalSection(ExtensibilityGlobals) = postSolution
		SolutionGuid = {95D52BF2-5C8C-47E7-9E2F-3E40CC17934B}
	EndGlobalSection
EndGlobal
